
Microsoft Visual Studio Solution File, Format Version 12.00
Project("{FAE04EC0-301F-11D3-BF4B-00C04F79EFBC}") = "Acme.PublisherApi", "src\Acme.PublisherApi\Acme.PublisherApi.csproj", "{1375FBAF-A885-4254-A9D6-25337C78EF00}"
EndProject
Project("{FAE04EC0-301F-11D3-BF4B-00C04F79EFBC}") = "Acme.ConsumerApi", "src\Acme.ConsumerApi\Acme.ConsumerApi.csproj", "{7EEC2416-9CE7-48A4-97AE-9A1AC9E30A0C}"
EndProject
Project("{FAE04EC0-301F-11D3-BF4B-00C04F79EFBC}") = "Acme.Contracts", "src\Acme.Contracts\Acme.Contracts.csproj", "{07FF3F90-2E21-4E47-A6CA-15C1E18DFB2C}"
EndProject
Project("{2150E333-8FDC-42A3-9474-1A3956D46DE8}") = "tests", "tests", "{65922001-B69F-4181-AE29-87E65B706408}"
EndProject
Project("{FAE04EC0-301F-11D3-BF4B-00C04F79EFBC}") = "Acme.IntegrationTests", "tests\Acme.IntegrationTests\Acme.IntegrationTests.csproj", "{226DF714-230D-4730-B7F0-7BBE6AA849A0}"
EndProject
Project("{FAE04EC0-301F-11D3-BF4B-00C04F79EFBC}") = "Acme.ConsumerApi.UnitTests", "tests\Acme.ConsumerApi.UnitTests\Acme.ConsumerApi.UnitTests.csproj", "{9E326B67-2A41-411D-94EF-1653EC417934}"
EndProject
Global
	GlobalSection(SolutionConfigurationPlatforms) = preSolution
		Debug|Any CPU = Debug|Any CPU
		Release|Any CPU = Release|Any CPU
	EndGlobalSection
	GlobalSection(ProjectConfigurationPlatforms) = postSolution
		{1375FBAF-A885-4254-A9D6-25337C78EF00}.Debug|Any CPU.ActiveCfg = Debug|Any CPU
		{1375FBAF-A885-4254-A9D6-25337C78EF00}.Debug|Any CPU.Build.0 = Debug|Any CPU
		{1375FBAF-A885-4254-A9D6-25337C78EF00}.Release|Any CPU.ActiveCfg = Release|Any CPU
		{1375FBAF-A885-4254-A9D6-25337C78EF00}.Release|Any CPU.Build.0 = Release|Any CPU
		{7EEC2416-9CE7-48A4-97AE-9A1AC9E30A0C}.Debug|Any CPU.ActiveCfg = Debug|Any CPU
		{7EEC2416-9CE7-48A4-97AE-9A1AC9E30A0C}.Debug|Any CPU.Build.0 = Debug|Any CPU
		{7EEC2416-9CE7-48A4-97AE-9A1AC9E30A0C}.Release|Any CPU.ActiveCfg = Release|Any CPU
		{7EEC2416-9CE7-48A4-97AE-9A1AC9E30A0C}.Release|Any CPU.Build.0 = Release|Any CPU
		{07FF3F90-2E21-4E47-A6CA-15C1E18DFB2C}.Debug|Any CPU.ActiveCfg = Debug|Any CPU
		{07FF3F90-2E21-4E47-A6CA-15C1E18DFB2C}.Debug|Any CPU.Build.0 = Debug|Any CPU
		{07FF3F90-2E21-4E47-A6CA-15C1E18DFB2C}.Release|Any CPU.ActiveCfg = Release|Any CPU
		{07FF3F90-2E21-4E47-A6CA-15C1E18DFB2C}.Release|Any CPU.Build.0 = Release|Any CPU
		{226DF714-230D-4730-B7F0-7BBE6AA849A0}.Debug|Any CPU.ActiveCfg = Debug|Any CPU
		{226DF714-230D-4730-B7F0-7BBE6AA849A0}.Debug|Any CPU.Build.0 = Debug|Any CPU
		{226DF714-230D-4730-B7F0-7BBE6AA849A0}.Release|Any CPU.ActiveCfg = Release|Any CPU
		{226DF714-230D-4730-B7F0-7BBE6AA849A0}.Release|Any CPU.Build.0 = Release|Any CPU
		{9E326B67-2A41-411D-94EF-1653EC417934}.Debug|Any CPU.ActiveCfg = Debug|Any CPU
		{9E326B67-2A41-411D-94EF-1653EC417934}.Debug|Any CPU.Build.0 = Debug|Any CPU
		{9E326B67-2A41-411D-94EF-1653EC417934}.Release|Any CPU.ActiveCfg = Release|Any CPU
		{9E326B67-2A41-411D-94EF-1653EC417934}.Release|Any CPU.Build.0 = Release|Any CPU
	EndGlobalSection
	GlobalSection(NestedProjects) = preSolution
		{226DF714-230D-4730-B7F0-7BBE6AA849A0} = {65922001-B69F-4181-AE29-87E65B706408}
		{9E326B67-2A41-411D-94EF-1653EC417934} = {65922001-B69F-4181-AE29-87E65B706408}
	EndGlobalSection
EndGlobal
